# This file is automatically @generated by Cargo.
# It is not intended for manual editing.
[[package]]
name = "array-init"
version = "0.0.3"
source = "registry+https://github.com/rust-lang/crates.io-index"
checksum = "c3cc8456d0ae81a8c76f59e384683a601548c38949a4bfcb65dd31ded5c75ff3"
dependencies = [
 "nodrop",
]

[[package]]
name = "bit_field"
version = "0.9.0"
source = "registry+https://github.com/rust-lang/crates.io-index"
checksum = "ed8765909f9009617974ab6b7d332625b320b33c326b1e9321382ef1999b5d56"

[[package]]
name = "bitflags"
version = "1.0.3"
source = "registry+https://github.com/rust-lang/crates.io-index"
checksum = "d0c54bb8f454c567f21197eefcdbf5679d0bd99f2ddbe52e84c77061952e6789"

[[package]]
name = "blog_os"
version = "0.1.0"
dependencies = [
 "array-init",
 "lazy_static",
 "spin",
 "uart_16550",
 "volatile",
 "x86_64",
]

[[package]]
name = "lazy_static"
version = "1.0.1"
source = "registry+https://github.com/rust-lang/crates.io-index"
checksum = "e6412c5e2ad9584b0b8e979393122026cdd6d2a80b933f890dcd694ddbe73739"
dependencies = [
 "spin",
]

[[package]]
name = "nodrop"
version = "0.1.12"
source = "registry+https://github.com/rust-lang/crates.io-index"
checksum = "9a2228dca57108069a5262f2ed8bd2e82496d2e074a06d1ccc7ce1687b6ae0a2"

[[package]]
name = "os_bootinfo"
version = "0.2.1"
source = "registry+https://github.com/rust-lang/crates.io-index"
checksum = "66481dbeb5e773e7bd85b63cd6042c30786f834338288c5ec4f3742673db360a"

[[package]]
name = "spin"
version = "0.4.8"
source = "registry+https://github.com/rust-lang/crates.io-index"
checksum = "14db77c5b914df6d6173dda9a3b3f5937bd802934fa5edaf934df06a3491e56f"

[[package]]
name = "uart_16550"
version = "0.1.0"
source = "registry+https://github.com/rust-lang/crates.io-index"
checksum = "269f953d8de3226f7c065c589c7b4a3e83d10a419c7c3b5e2e0f197e6acc966e"
dependencies = [
 "bitflags",
 "x86_64",
]

[[package]]
name = "usize_conversions"
version = "0.2.0"
source = "registry+https://github.com/rust-lang/crates.io-index"
checksum = "f70329e2cbe45d6c97a5112daad40c34cd9a4e18edb5a2a18fefeb584d8d25e5"

[[package]]
name = "ux"
version = "0.1.2"
source = "registry+https://github.com/rust-lang/crates.io-index"
checksum = "53d8df5dd8d07fedccd202de1887d94481fadaea3db70479f459e8163a1fab41"

[[package]]
name = "volatile"
version = "0.2.4"
source = "registry+https://github.com/rust-lang/crates.io-index"
checksum = "54d4343a2df2d65144a874f95950754ee7b7e8594f6027aae8c7d0f4858a3fe8"

[[package]]
name = "x86_64"
version = "0.2.7"
source = "registry+https://github.com/rust-lang/crates.io-index"
checksum = "f14cca51c44bb0f4b5d8048789c46ae2df9bf04cc30dae5242584fa16802ef83"
dependencies = [
 "bit_field",
 "bitflags",
 "os_bootinfo",
 "usize_conversions",
 "ux",
]
